
Microsoft Visual Studio Solution File, Format Version 12.00
# Visual Studio Version 16
VisualStudioVersion = 16.0.33130.400
MinimumVisualStudioVersion = 10.0.40219.1
Project("{FAE04EC0-301F-11D3-BF4B-00C04F79EFBC}") = "WindowsFormsApp1", "WindowsFormsApp1.csproj", "{70938326-BE03-42D3-BBDA-A4CF2AD096E3}"
EndProject
Global
	GlobalSection(SolutionConfigurationPlatforms) = preSolution
		Debug|Any CPU = Debug|Any CPU
		Release|Any CPU = Release|Any CPU
	EndGlobalSection
	GlobalSection(ProjectConfigurationPlatforms) = postSolution
		{70938326-BE03-42D3-BBDA-A4CF2AD096E3}.Debug|Any CPU.ActiveCfg = Debug|Any CPU
		{70938326-BE03-42D3-BBDA-A4CF2AD096E3}.Debug|Any CPU.Build.0 = Debug|Any CPU
		{70938326-BE03-42D3-BBDA-A4CF2AD096E3}.Release|Any CPU.ActiveCfg = Release|Any CPU
		{70938326-BE03-42D3-BBDA-A4CF2AD096E3}.Release|Any CPU.Build.0 = Release|Any CPU
	EndGlobalSection
	GlobalSection(SolutionProperties) = preSolution
		HideSolutionNode = FALSE
	EndGlobalSection
	GlobalSection(ExtensibilityGlobals) = postSolution
		SolutionGuid = {A33AEF12-188B-40D5-BFF1-B9C57C667B74}
	EndGlobalSection
EndGlobal
